
Microsoft Visual Studio Solution File, Format Version 11.00
# Visual Studio 2010
Project("{8BC9CEB8-8B4A-11D0-8D11-00A0C91BC942}") = "alerter", "alerter\alerter.vcxproj", "{A465EFB5-2968-442A-9031-B939EDF84EC2}"
EndProject
Global
	GlobalSection(SolutionConfigurationPlatforms) = preSolution
		Debug|Win32 = Debug|Win32
		Release|Win32 = Release|Win32
	EndGlobalSection
	GlobalSection(ProjectConfigurationPlatforms) = postSolution
		{A465EFB5-2968-442A-9031-B939EDF84EC2}.Debug|Win32.ActiveCfg = Release|Win32
		{A465EFB5-2968-442A-9031-B939EDF84EC2}.Debug|Win32.Build.0 = Release|Win32
		{A465EFB5-2968-442A-9031-B939EDF84EC2}.Release|Win32.ActiveCfg = Release|Win32
		{A465EFB5-2968-442A-9031-B939EDF84EC2}.Release|Win32.Build.0 = Release|Win32
	EndGlobalSection
	GlobalSection(SolutionProperties) = preSolution
		HideSolutionNode = FALSE
	EndGlobalSection
EndGlobal
